
Microsoft Visual Studio Solution File, Format Version 12.00
# Visual Studio Version 17
VisualStudioVersion = 17.9.34728.123
MinimumVisualStudioVersion = 10.0.40219.1
Project("{2150E333-8FDC-42A3-9474-1A3956D46DE8}") = "SolutionItems", "SolutionItems", "{F4E06DC4-0031-4266-A6E5-692520ED4C0F}"
	ProjectSection(SolutionItems) = preProject
		.dockerignore = .dockerignore
		.editorconfig = .editorconfig
		.gitattributes = .gitattributes
		.gitignore = .gitignore
		README.md = README.md
	EndProjectSection
EndProject
Project("{FAE04EC0-301F-11D3-BF4B-00C04F79EFBC}") = "TeddyBearCo.Api", "TeddyBearCo.Api\TeddyBearCo.Api.csproj", "{6A924EB4-7933-4112-BF38-92D202A551D6}"
EndProject
Global
	GlobalSection(SolutionConfigurationPlatforms) = preSolution
		Debug|Any CPU = Debug|Any CPU
		Release|Any CPU = Release|Any CPU
	EndGlobalSection
	GlobalSection(ProjectConfigurationPlatforms) = postSolution
		{6A924EB4-7933-4112-BF38-92D202A551D6}.Debug|Any CPU.ActiveCfg = Debug|Any CPU
		{6A924EB4-7933-4112-BF38-92D202A551D6}.Debug|Any CPU.Build.0 = Debug|Any CPU
		{6A924EB4-7933-4112-BF38-92D202A551D6}.Release|Any CPU.ActiveCfg = Release|Any CPU
		{6A924EB4-7933-4112-BF38-92D202A551D6}.Release|Any CPU.Build.0 = Release|Any CPU
	EndGlobalSection
	GlobalSection(SolutionProperties) = preSolution
		HideSolutionNode = FALSE
	EndGlobalSection
	GlobalSection(ExtensibilityGlobals) = postSolution
		SolutionGuid = {64DA755B-41C6-4B18-82F9-1590219B721D}
	EndGlobalSection
EndGlobal
